
Microsoft Visual Studio Solution File, Format Version 12.00
# Visual Studio Version 17
VisualStudioVersion = 17.5.33502.453
MinimumVisualStudioVersion = 10.0.40219.1
Project("{8BC9CEB8-8B4A-11D0-8D11-00A0C91BC942}") = "streamwriterReader_192", "streamwriterReader_192\streamwriterReader_192.vcxproj", "{F09F46D0-8C0F-4AD0-AC24-6BF782277799}"
EndProject
Project("{8BC9CEB8-8B4A-11D0-8D11-00A0C91BC942}") = "iofile.cpp", "iofile.cpp\iofile.cpp.vcxproj", "{1AA18F96-54D6-40DF-9D92-D068303E1579}"
EndProject
Project("{8BC9CEB8-8B4A-11D0-8D11-00A0C91BC942}") = "iofilewithpath.cpp", "iofilewithpath.cpp\iofilewithpath.cpp.vcxproj", "{61369F03-1172-497F-8EE9-B74C0A96F3E0}"
EndProject
Project("{8BC9CEB8-8B4A-11D0-8D11-00A0C91BC942}") = "manualexeption.cpp", "manualexeption.cpp\manualexeption.cpp.vcxproj", "{01CF697B-BB24-4BEF-8852-52D95136B899}"
EndProject
Global
	GlobalSection(SolutionConfigurationPlatforms) = preSolution
		Debug|x64 = Debug|x64
		Debug|x86 = Debug|x86
		Release|x64 = Release|x64
		Release|x86 = Release|x86
	EndGlobalSection
	GlobalSection(ProjectConfigurationPlatforms) = postSolution
		{F09F46D0-8C0F-4AD0-AC24-6BF782277799}.Debug|x64.ActiveCfg = Debug|x64
		{F09F46D0-8C0F-4AD0-AC24-6BF782277799}.Debug|x64.Build.0 = Debug|x64
		{F09F46D0-8C0F-4AD0-AC24-6BF782277799}.Debug|x86.ActiveCfg = Debug|Win32
		{F09F46D0-8C0F-4AD0-AC24-6BF782277799}.Debug|x86.Build.0 = Debug|Win32
		{F09F46D0-8C0F-4AD0-AC24-6BF782277799}.Release|x64.ActiveCfg = Release|x64
		{F09F46D0-8C0F-4AD0-AC24-6BF782277799}.Release|x64.Build.0 = Release|x64
		{F09F46D0-8C0F-4AD0-AC24-6BF782277799}.Release|x86.ActiveCfg = Release|Win32
		{F09F46D0-8C0F-4AD0-AC24-6BF782277799}.Release|x86.Build.0 = Release|Win32
		{1AA18F96-54D6-40DF-9D92-D068303E1579}.Debug|x64.ActiveCfg = Debug|x64
		{1AA18F96-54D6-40DF-9D92-D068303E1579}.Debug|x64.Build.0 = Debug|x64
		{1AA18F96-54D6-40DF-9D92-D068303E1579}.Debug|x86.ActiveCfg = Debug|Win32
		{1AA18F96-54D6-40DF-9D92-D068303E1579}.Debug|x86.Build.0 = Debug|Win32
		{1AA18F96-54D6-40DF-9D92-D068303E1579}.Release|x64.ActiveCfg = Release|x64
		{1AA18F96-54D6-40DF-9D92-D068303E1579}.Release|x64.Build.0 = Release|x64
		{1AA18F96-54D6-40DF-9D92-D068303E1579}.Release|x86.ActiveCfg = Release|Win32
		{1AA18F96-54D6-40DF-9D92-D068303E1579}.Release|x86.Build.0 = Release|Win32
		{61369F03-1172-497F-8EE9-B74C0A96F3E0}.Debug|x64.ActiveCfg = Debug|x64
		{61369F03-1172-497F-8EE9-B74C0A96F3E0}.Debug|x64.Build.0 = Debug|x64
		{61369F03-1172-497F-8EE9-B74C0A96F3E0}.Debug|x86.ActiveCfg = Debug|Win32
		{61369F03-1172-497F-8EE9-B74C0A96F3E0}.Debug|x86.Build.0 = Debug|Win32
		{61369F03-1172-497F-8EE9-B74C0A96F3E0}.Release|x64.ActiveCfg = Release|x64
		{61369F03-1172-497F-8EE9-B74C0A96F3E0}.Release|x64.Build.0 = Release|x64
		{61369F03-1172-497F-8EE9-B74C0A96F3E0}.Release|x86.ActiveCfg = Release|Win32
		{61369F03-1172-497F-8EE9-B74C0A96F3E0}.Release|x86.Build.0 = Release|Win32
		{01CF697B-BB24-4BEF-8852-52D95136B899}.Debug|x64.ActiveCfg = Debug|x64
		{01CF697B-BB24-4BEF-8852-52D95136B899}.Debug|x64.Build.0 = Debug|x64
		{01CF697B-BB24-4BEF-8852-52D95136B899}.Debug|x86.ActiveCfg = Debug|Win32
		{01CF697B-BB24-4BEF-8852-52D95136B899}.Debug|x86.Build.0 = Debug|Win32
		{01CF697B-BB24-4BEF-8852-52D95136B899}.Release|x64.ActiveCfg = Release|x64
		{01CF697B-BB24-4BEF-8852-52D95136B899}.Release|x64.Build.0 = Release|x64
		{01CF697B-BB24-4BEF-8852-52D95136B899}.Release|x86.ActiveCfg = Release|Win32
		{01CF697B-BB24-4BEF-8852-52D95136B899}.Release|x86.Build.0 = Release|Win32
	EndGlobalSection
	GlobalSection(SolutionProperties) = preSolution
		HideSolutionNode = FALSE
	EndGlobalSection
	GlobalSection(ExtensibilityGlobals) = postSolution
		SolutionGuid = {130ED348-74D8-408D-908A-EB8E429D687A}
	EndGlobalSection
EndGlobal
